// !$*UTF8*$!
{
	archiveVersion = 1;
	classes = {
	};
	objectVersion = 46;
	objects = {

/* Begin PBXBuildFile section */
		4B000EC21C81A3AA004240A6 /* MapKit.framework in Frameworks */ = {isa = PBXBuildFile; fileRef = 4B000EC11C81A3AA004240A6 /* MapKit.framework */; };
		4B000EC41C81A97E004240A6 /* MapViewController.swift in Sources */ = {isa = PBXBuildFile; fileRef = 4B000EC31C81A97E004240A6 /* MapViewController.swift */; };
		4B7326E01C7F3BBE0071AC1B /* AppDelegate.swift in Sources */ = {isa = PBXBuildFile; fileRef = 4B7326DF1C7F3BBE0071AC1B /* AppDelegate.swift */; };
		4B7326E51C7F3BBE0071AC1B /* Main.storyboard in Resources */ = {isa = PBXBuildFile; fileRef = 4B7326E31C7F3BBE0071AC1B /* Main.storyboard */; };
		4B7326E71C7F3BBE0071AC1B /* Assets.xcassets in Resources */ = {isa = PBXBuildFile; fileRef = 4B7326E61C7F3BBE0071AC1B /* Assets.xcassets */; };
		4B7326EA1C7F3BBE0071AC1B /* LaunchScreen.storyboard in Resources */ = {isa = PBXBuildFile; fileRef = 4B7326E81C7F3BBE0071AC1B /* LaunchScreen.storyboard */; };
		4BD73B7D1C80B0940093F40B /* ConversionViewController.swift in Sources */ = {isa = PBXBuildFile; fileRef = 4BD73B7C1C80B0940093F40B /* ConversionViewController.swift */; };
/* End PBXBuildFile section */

/* Begin PBXFileReference section */
		4B000EC11C81A3AA004240A6 /* MapKit.framework */ = {isa = PBXFileReference; lastKnownFileType = wrapper.framework; name = MapKit.framework; path = System/Library/Frameworks/MapKit.framework; sourceTree = SDKROOT; };
		4B000EC31C81A97E004240A6 /* MapViewController.swift */ = {isa = PBXFileReference; fileEncoding = 4; lastKnownFileType = sourcecode.swift; path = MapViewController.swift; sourceTree = "<group>"; };
		4B7326DC1C7F3BBE0071AC1B /* WordTrotter.app */ = {isa = PBXFileReference; explicitFileType = wrapper.application; includeInIndex = 0; path = WordTrotter.app; sourceTree = BUILT_PRODUCTS_DIR; };
		4B7326DF1C7F3BBE0071AC1B /* AppDelegate.swift */ = {isa = PBXFileReference; lastKnownFileType = sourcecode.swift; path = AppDelegate.swift; sourceTree = "<group>"; };
		4B7326E41C7F3BBE0071AC1B /* Base */ = {isa = PBXFileReference; lastKnownFileType = file.storyboard; name = Base; path = Base.lproj/Main.storyboard; sourceTree = "<group>"; };
		4B7326E61C7F3BBE0071AC1B /* Assets.xcassets */ = {isa = PBXFileReference; lastKnownFileType = folder.assetcatalog; path = Assets.xcassets; sourceTree = "<group>"; };
		4B7326E91C7F3BBE0071AC1B /* Base */ = {isa = PBXFileReference; lastKnownFileType = file.storyboard; name = Base; path = Base.lproj/LaunchScreen.storyboard; sourceTree = "<group>"; };
		4B7326EB1C7F3BBE0071AC1B /* Info.plist */ = {isa = PBXFileReference; lastKnownFileType = text.plist.xml; path = Info.plist; sourceTree = "<group>"; };
		4BD73B7C1C80B0940093F40B /* ConversionViewController.swift */ = {isa = PBXFileReference; fileEncoding = 4; lastKnownFileType = sourcecode.swift; name = ConversionViewController.swift; path = ../ConversionViewController.swift; sourceTree = "<group>"; };
/* End PBXFileReference section */

/* Begin PBXFrameworksBuildPhase section */
		4B7326D91C7F3BBE0071AC1B /* Frameworks */ = {
			isa = PBXFrameworksBuildPhase;
			buildActionMask = 2147483647;
			files = (
				4B000EC21C81A3AA004240A6 /* MapKit.framework in Frameworks */,
			);
			runOnlyForDeploymentPostprocessing = 0;
		};
/* End PBXFrameworksBuildPhase section */

/* Begin PBXGroup section */
		4B7326D31C7F3BBE0071AC1B = {
			isa = PBXGroup;
			children = (
				4B000EC11C81A3AA004240A6 /* MapKit.framework */,
				4B7326DE1C7F3BBE0071AC1B /* WordTrotter */,
				4B7326DD1C7F3BBE0071AC1B /* Products */,
			);
			sourceTree = "<group>";
		};
		4B7326DD1C7F3BBE0071AC1B /* Products */ = {
			isa = PBXGroup;
			children = (
				4B7326DC1C7F3BBE0071AC1B /* WordTrotter.app */,
			);
			name = Products;
			sourceTree = "<group>";
		};
		4B7326DE1C7F3BBE0071AC1B /* WordTrotter */ = {
			isa = PBXGroup;
			children = (
				4B7326DF1C7F3BBE0071AC1B /* AppDelegate.swift */,
				4BD73B7C1C80B0940093F40B /* ConversionViewController.swift */,
				4B7326E31C7F3BBE0071AC1B /* Main.storyboard */,
				4B000EC31C81A97E004240A6 /* MapViewController.swift */,
				4B7326E61C7F3BBE0071AC1B /* Assets.xcassets */,
				4B7326E81C7F3BBE0071AC1B /* LaunchScreen.storyboard */,
				4B7326EB1C7F3BBE0071AC1B /* Info.plist */,
			);
			path = WordTrotter;
			sourceTree = "<group>";
		};
/* End PBXGroup section */

/* Begin PBXNativeTarget section */
		4B7326DB1C7F3BBE0071AC1B /* WordTrotter */ = {
			isa = PBXNativeTarget;
			buildConfigurationList = 4B7326EE1C7F3BBE0071AC1B /* Build configuration list for PBXNativeTarget "WordTrotter" */;
			buildPhases = (
				4B7326D81C7F3BBE0071AC1B /* Sources */,
				4B7326D91C7F3BBE0071AC1B /* Frameworks */,
				4B7326DA1C7F3BBE0071AC1B /* Resources */,
			);
			buildRules = (
			);
			dependencies = (
			);
			name = WordTrotter;
			productName = WordTrotter;
			productReference = 4B7326DC1C7F3BBE0071AC1B /* WordTrotter.app */;
			productType = "com.apple.product-type.application";
		};
/* End PBXNativeTarget section */

/* Begin PBXProject section */
		4B7326D41C7F3BBE0071AC1B /* Project object */ = {
			isa = PBXProject;
			attributes = {
				LastSwiftUpdateCheck = 0720;
				LastUpgradeCheck = 0720;
				ORGANIZATIONNAME = "Jackie Zhang";
				TargetAttributes = {
					4B7326DB1C7F3BBE0071AC1B = {
						CreatedOnToolsVersion = 7.2.1;
						DevelopmentTeam = 7TXG2EZRXQ;
					};
				};
			};
			buildConfigurationList = 4B7326D71C7F3BBE0071AC1B /* Build configuration list for PBXProject "WordTrotter" */;
			compatibilityVersion = "Xcode 3.2";
			developmentRegion = English;
			hasScannedForEncodings = 0;
			knownRegions = (
				en,
				Base,
			);
			mainGroup = 4B7326D31C7F3BBE0071AC1B;
			productRefGroup = 4B7326DD1C7F3BBE0071AC1B /* Products */;
			projectDirPath = "";
			projectRoot = "";
			targets = (
				4B7326DB1C7F3BBE0071AC1B /* WordTrotter */,
			);
		};
/* End PBXProject section */

/* Begin PBXResourcesBuildPhase section */
		4B7326DA1C7F3BBE0071AC1B /* Resources */ = {
			isa = PBXResourcesBuildPhase;
			buildActionMask = 2147483647;
			files = (
				4B7326EA1C7F3BBE0071AC1B /* LaunchScreen.storyboard in Resources */,
				4B7326E71C7F3BBE0071AC1B /* Assets.xcassets in Resources */,
				4B7326E51C7F3BBE0071AC1B /* Main.storyboard in Resources */,
			);
			runOnlyForDeploymentPostprocessing = 0;
		};
/* End PBXResourcesBuildPhase section */

/* Begin PBXSourcesBuildPhase section */
		4B7326D81C7F3BBE0071AC1B /* Sources */ = {
			isa = PBXSourcesBuildPhase;
			buildActionMask = 2147483647;
			files = (
				4BD73B7D1C80B0940093F40B /* ConversionViewController.swift in Sources */,
				4B000EC41C81A97E004240A6 /* MapViewController.swift in Sources */,
				4B7326E01C7F3BBE0071AC1B /* AppDelegate.swift in Sources */,
			);
			runOnlyForDeploymentPostprocessing = 0;
		};
/* End PBXSourcesBuildPhase section */

/* Begin PBXVariantGroup section */
		4B7326E31C7F3BBE0071AC1B /* Main.storyboard */ = {
			isa = PBXVariantGroup;
			children = (
				4B7326E41C7F3BBE0071AC1B /* Base */,
			);
			name = Main.storyboard;
			sourceTree = "<group>";
		};
		4B7326E81C7F3BBE0071AC1B /* LaunchScreen.storyboard */ = {
			isa = PBXVariantGroup;
			children = (
				4B7326E91C7F3BBE0071AC1B /* Base */,
			);
			name = LaunchScreen.storyboard;
			sourceTree = "<group>";
		};
/* End PBXVariantGroup section */

/* Begin XCBuildConfiguration section */
		4B7326EC1C7F3BBE0071AC1B /* Debug */ = {
			isa = XCBuildConfiguration;
			buildSettings = {
				ALWAYS_SEARCH_USER_PATHS = NO;
				CLANG_CXX_LANGUAGE_STANDARD = "gnu++0x";
				CLANG_CXX_LIBRARY = "libc++";
				CLANG_ENABLE_MODULES = YES;
				CLANG_ENABLE_OBJC_ARC = YES;
				CLANG_WARN_BOOL_CONVERSION = YES;
				CLANG_WARN_CONSTANT_CONVERSION = YES;
				CLANG_WARN_DIRECT_OBJC_ISA_USAGE = YES_ERROR;
				CLANG_WARN_EMPTY_BODY = YES;
				CLANG_WARN_ENUM_CONVERSION = YES;
				CLANG_WARN_INT_CONVERSION = YES;
				CLANG_WARN_OBJC_ROOT_CLASS = YES_ERROR;
				CLANG_WARN_UNREACHABLE_CODE = YES;
				CLANG_WARN__DUPLICATE_METHOD_MATCH = YES;
				"CODE_SIGN_IDENTITY[sdk=iphoneos*]" = "iPhone Developer";
				COPY_PHASE_STRIP = NO;
				DEBUG_INFORMATION_FORMAT = dwarf;
				ENABLE_STRICT_OBJC_MSGSEND = YES;
				ENABLE_TESTABILITY = YES;
				GCC_C_LANGUAGE_STANDARD = gnu99;
				GCC_DYNAMIC_NO_PIC = NO;
				GCC_NO_COMMON_BLOCKS = YES;
				GCC_OPTIMIZATION_LEVEL = 0;
				GCC_PREPROCESSOR_DEFINITIONS = (
					"DEBUG=1",
					"$(inherited)",
				);
				GCC_WARN_64_TO_32_BIT_CONVERSION = YES;
				GCC_WARN_ABOUT_RETURN_TYPE = YES_ERROR;
				GCC_WARN_UNDECLARED_SELECTOR = YES;
				GCC_WARN_UNINITIALIZED_AUTOS = YES_AGGRESSIVE;
				GCC_WARN_UNUSED_FUNCTION = YES;
				GCC_WARN_UNUSED_VARIABLE = YES;
				IPHONEOS_DEPLOYMENT_TARGET = 9.2;
				MTL_ENABLE_DEBUG_INFO = YES;
				ONLY_ACTIVE_ARCH = YES;
				SDKROOT = iphoneos;
				SWIFT_OPTIMIZATION_LEVEL = "-Onone";
			};
			name = Debug;
		};
		4B7326ED1C7F3BBE0071AC1B /* Release */ = {
			isa = XCBuildConfiguration;
			buildSettings = {
				ALWAYS_SEARCH_USER_PATHS = NO;
				CLANG_CXX_LANGUAGE_STANDARD = "gnu++0x";
				CLANG_CXX_LIBRARY = "libc++";
				CLANG_ENABLE_MODULES = YES;
				CLANG_ENABLE_OBJC_ARC = YES;
				CLANG_WARN_BOOL_CONVERSION = YES;
				CLANG_WARN_CONSTANT_CONVERSION = YES;
				CLANG_WARN_DIRECT_OBJC_ISA_USAGE = YES_ERROR;
				CLANG_WARN_EMPTY_BODY = YES;
				CLANG_WARN_ENUM_CONVERSION = YES;
				CLANG_WARN_INT_CONVERSION = YES;
				CLANG_WARN_OBJC_ROOT_CLASS = YES_ERROR;
				CLANG_WARN_UNREACHABLE_CODE = YES;
				CLANG_WARN__DUPLICATE_METHOD_MATCH = YES;
				"CODE_SIGN_IDENTITY[sdk=iphoneos*]" = "iPhone Developer";
				COPY_PHASE_STRIP = NO;
				DEBUG_INFORMATION_FORMAT = "dwarf-with-dsym";
				ENABLE_NS_ASSERTIONS = NO;
				ENABLE_STRICT_OBJC_MSGSEND = YES;
				GCC_C_LANGUAGE_STANDARD = gnu99;
				GCC_NO_COMMON_BLOCKS = YES;
				GCC_WARN_64_TO_32_BIT_CONVERSION = YES;
				GCC_WARN_ABOUT_RETURN_TYPE = YES_ERROR;
				GCC_WARN_UNDECLARED_SELECTOR = YES;
				GCC_WARN_UNINITIALIZED_AUTOS = YES_AGGRESSIVE;
				GCC_WARN_UNUSED_FUNCTION = YES;
				GCC_WARN_UNUSED_VARIABLE = YES;
				IPHONEOS_DEPLOYMENT_TARGET = 9.2;
				MTL_ENABLE_DEBUG_INFO = NO;
				SDKROOT = iphoneos;
				VALIDATE_PRODUCT = YES;
			};
			name = Release;
		};
		4B7326EF1C7F3BBE0071AC1B /* Debug */ = {
			isa = XCBuildConfiguration;
			buildSettings = {
				ASSETCATALOG_COMPILER_APPICON_NAME = AppIcon;
				INFOPLIST_FILE = WordTrotter/Info.plist;
				LD_RUNPATH_SEARCH_PATHS = "$(inherited) @executable_path/Frameworks";
				PRODUCT_BUNDLE_IDENTIFIER = com.jackiezhang.WordTrotter;
				PRODUCT_NAME = "$(TARGET_NAME)";
			};
			name = Debug;
		};
		4B7326F01C7F3BBE0071AC1B /* Release */ = {
			isa = XCBuildConfiguration;
			buildSettings = {
				ASSETCATALOG_COMPILER_APPICON_NAME = AppIcon;
				INFOPLIST_FILE = WordTrotter/Info.plist;
				LD_RUNPATH_SEARCH_PATHS = "$(inherited) @executable_path/Frameworks";
				PRODUCT_BUNDLE_IDENTIFIER = com.jackiezhang.WordTrotter;
				PRODUCT_NAME = "$(TARGET_NAME)";
			};
			name = Release;
		};
/* End XCBuildConfiguration section */

/* Begin XCConfigurationList section */
		4B7326D71C7F3BBE0071AC1B /* Build configuration list for PBXProject "WordTrotter" */ = {
			isa = XCConfigurationList;
			buildConfigurations = (
				4B7326EC1C7F3BBE0071AC1B /* Debug */,
				4B7326ED1C7F3BBE0071AC1B /* Release */,
			);
			defaultConfigurationIsVisible = 0;
			defaultConfigurationName = Release;
		};
		4B7326EE1C7F3BBE0071AC1B /* Build configuration list for PBXNativeTarget "WordTrotter" */ = {
			isa = XCConfigurationList;
			buildConfigurations = (
				4B7326EF1C7F3BBE0071AC1B /* Debug */,
				4B7326F01C7F3BBE0071AC1B /* Release */,
			);
			defaultConfigurationIsVisible = 0;
			defaultConfigurationName = Release;
		};
/* End XCConfigurationList section */
	};
	rootObject = 4B7326D41C7F3BBE0071AC1B /* Project object */;
}
